
Microsoft Visual Studio Solution File, Format Version 12.00
Project("{2150E333-8FDC-42A3-9474-1A3956D46DE8}") = "Src", "Src", "{343A6F25-A8F3-4C73-997D-36CDB0BEC327}"
EndProject
Project("{2150E333-8FDC-42A3-9474-1A3956D46DE8}") = "Common", "Common", "{1CD1A720-B2A0-4C9D-AADB-AB1EA80BDCF3}"
EndProject
Project("{2150E333-8FDC-42A3-9474-1A3956D46DE8}") = "Core", "Core", "{6DA4C379-658F-463C-8581-E1E534F19F90}"
EndProject
Project("{2150E333-8FDC-42A3-9474-1A3956D46DE8}") = "Infrastructure", "Infrastructure", "{4EDBB37B-9633-4BC7-8035-DB46146C258E}"
EndProject
Project("{2150E333-8FDC-42A3-9474-1A3956D46DE8}") = "Presentation", "Presentation", "{6F9266F4-24FC-4B9D-8929-7A1C16E8EBA9}"
EndProject
Project("{FAE04EC0-301F-11D3-BF4B-00C04F79EFBC}") = "DDDProject.Common", "DDDProject.Common\DDDProject.Common.csproj", "{F9B8651B-4D32-45DB-A668-85F8BA8A25A0}"
EndProject
Project("{FAE04EC0-301F-11D3-BF4B-00C04F79EFBC}") = "DDDProject.Application", "DDDProject.Application\DDDProject.Application.csproj", "{FCC668DC-10EA-4CF7-899C-A580AC9F2AA3}"
EndProject
Project("{FAE04EC0-301F-11D3-BF4B-00C04F79EFBC}") = "DDDProject.Domain", "DDDProject.Domain\DDDProject.Domain.csproj", "{42BEA725-DBEC-47C1-A531-9EA3B2982730}"
EndProject
Project("{FAE04EC0-301F-11D3-BF4B-00C04F79EFBC}") = "DDDProject.Infrastructure", "DDDProject.Infrastructure\DDDProject.Infrastructure.csproj", "{62044D76-4CBE-436A-9777-B212A4C3892B}"
EndProject
Project("{FAE04EC0-301F-11D3-BF4B-00C04F79EFBC}") = "DDDProject.Persistence", "DDDProject.Persistence\DDDProject.Persistence.csproj", "{D700AF9F-AAEE-4037-AEDC-B4CA1B7A7C88}"
EndProject
Project("{FAE04EC0-301F-11D3-BF4B-00C04F79EFBC}") = "DDDProject.API", "DDDProject.API\DDDProject.API.csproj", "{A5F535C3-AE8A-4F8F-B6C9-4654E6B3BD04}"
EndProject
Global
	GlobalSection(SolutionConfigurationPlatforms) = preSolution
		Debug|Any CPU = Debug|Any CPU
		Release|Any CPU = Release|Any CPU
	EndGlobalSection
	GlobalSection(NestedProjects) = preSolution
		{1CD1A720-B2A0-4C9D-AADB-AB1EA80BDCF3} = {343A6F25-A8F3-4C73-997D-36CDB0BEC327}
		{6DA4C379-658F-463C-8581-E1E534F19F90} = {343A6F25-A8F3-4C73-997D-36CDB0BEC327}
		{4EDBB37B-9633-4BC7-8035-DB46146C258E} = {343A6F25-A8F3-4C73-997D-36CDB0BEC327}
		{6F9266F4-24FC-4B9D-8929-7A1C16E8EBA9} = {343A6F25-A8F3-4C73-997D-36CDB0BEC327}
		{F9B8651B-4D32-45DB-A668-85F8BA8A25A0} = {1CD1A720-B2A0-4C9D-AADB-AB1EA80BDCF3}
		{FCC668DC-10EA-4CF7-899C-A580AC9F2AA3} = {6DA4C379-658F-463C-8581-E1E534F19F90}
		{42BEA725-DBEC-47C1-A531-9EA3B2982730} = {6DA4C379-658F-463C-8581-E1E534F19F90}
		{62044D76-4CBE-436A-9777-B212A4C3892B} = {4EDBB37B-9633-4BC7-8035-DB46146C258E}
		{D700AF9F-AAEE-4037-AEDC-B4CA1B7A7C88} = {4EDBB37B-9633-4BC7-8035-DB46146C258E}
		{A5F535C3-AE8A-4F8F-B6C9-4654E6B3BD04} = {6F9266F4-24FC-4B9D-8929-7A1C16E8EBA9}
	EndGlobalSection
	GlobalSection(ProjectConfigurationPlatforms) = postSolution
		{F9B8651B-4D32-45DB-A668-85F8BA8A25A0}.Debug|Any CPU.ActiveCfg = Debug|Any CPU
		{F9B8651B-4D32-45DB-A668-85F8BA8A25A0}.Debug|Any CPU.Build.0 = Debug|Any CPU
		{F9B8651B-4D32-45DB-A668-85F8BA8A25A0}.Release|Any CPU.ActiveCfg = Release|Any CPU
		{F9B8651B-4D32-45DB-A668-85F8BA8A25A0}.Release|Any CPU.Build.0 = Release|Any CPU
		{FCC668DC-10EA-4CF7-899C-A580AC9F2AA3}.Debug|Any CPU.ActiveCfg = Debug|Any CPU
		{FCC668DC-10EA-4CF7-899C-A580AC9F2AA3}.Debug|Any CPU.Build.0 = Debug|Any CPU
		{FCC668DC-10EA-4CF7-899C-A580AC9F2AA3}.Release|Any CPU.ActiveCfg = Release|Any CPU
		{FCC668DC-10EA-4CF7-899C-A580AC9F2AA3}.Release|Any CPU.Build.0 = Release|Any CPU
		{42BEA725-DBEC-47C1-A531-9EA3B2982730}.Debug|Any CPU.ActiveCfg = Debug|Any CPU
		{42BEA725-DBEC-47C1-A531-9EA3B2982730}.Debug|Any CPU.Build.0 = Debug|Any CPU
		{42BEA725-DBEC-47C1-A531-9EA3B2982730}.Release|Any CPU.ActiveCfg = Release|Any CPU
		{42BEA725-DBEC-47C1-A531-9EA3B2982730}.Release|Any CPU.Build.0 = Release|Any CPU
		{62044D76-4CBE-436A-9777-B212A4C3892B}.Debug|Any CPU.ActiveCfg = Debug|Any CPU
		{62044D76-4CBE-436A-9777-B212A4C3892B}.Debug|Any CPU.Build.0 = Debug|Any CPU
		{62044D76-4CBE-436A-9777-B212A4C3892B}.Release|Any CPU.ActiveCfg = Release|Any CPU
		{62044D76-4CBE-436A-9777-B212A4C3892B}.Release|Any CPU.Build.0 = Release|Any CPU
		{D700AF9F-AAEE-4037-AEDC-B4CA1B7A7C88}.Debug|Any CPU.ActiveCfg = Debug|Any CPU
		{D700AF9F-AAEE-4037-AEDC-B4CA1B7A7C88}.Debug|Any CPU.Build.0 = Debug|Any CPU
		{D700AF9F-AAEE-4037-AEDC-B4CA1B7A7C88}.Release|Any CPU.ActiveCfg = Release|Any CPU
		{D700AF9F-AAEE-4037-AEDC-B4CA1B7A7C88}.Release|Any CPU.Build.0 = Release|Any CPU
		{A5F535C3-AE8A-4F8F-B6C9-4654E6B3BD04}.Debug|Any CPU.ActiveCfg = Debug|Any CPU
		{A5F535C3-AE8A-4F8F-B6C9-4654E6B3BD04}.Debug|Any CPU.Build.0 = Debug|Any CPU
		{A5F535C3-AE8A-4F8F-B6C9-4654E6B3BD04}.Release|Any CPU.ActiveCfg = Release|Any CPU
		{A5F535C3-AE8A-4F8F-B6C9-4654E6B3BD04}.Release|Any CPU.Build.0 = Release|Any CPU
	EndGlobalSection
EndGlobal
