
Microsoft Visual Studio Solution File, Format Version 12.00
Project("{2150E333-8FDC-42A3-9474-1A3956D46DE8}") = "Src", "Src", "{343A6F25-A8F3-4C73-997D-36CDB0BEC327}"
EndProject
Project("{2150E333-8FDC-42A3-9474-1A3956D46DE8}") = "Common", "Common", "{1CD1A720-B2A0-4C9D-AADB-AB1EA80BDCF3}"
EndProject
Project("{2150E333-8FDC-42A3-9474-1A3956D46DE8}") = "Core", "Core", "{6DA4C379-658F-463C-8581-E1E534F19F90}"
EndProject
Project("{2150E333-8FDC-42A3-9474-1A3956D46DE8}") = "Infrastructure", "Infrastructure", "{4EDBB37B-9633-4BC7-8035-DB46146C258E}"
EndProject
Project("{2150E333-8FDC-42A3-9474-1A3956D46DE8}") = "Presentation", "Presentation", "{6F9266F4-24FC-4B9D-8929-7A1C16E8EBA9}"
EndProject
Global
	GlobalSection(SolutionConfigurationPlatforms) = preSolution
		Debug|Any CPU = Debug|Any CPU
		Release|Any CPU = Release|Any CPU
	EndGlobalSection
	GlobalSection(NestedProjects) = preSolution
		{1CD1A720-B2A0-4C9D-AADB-AB1EA80BDCF3} = {343A6F25-A8F3-4C73-997D-36CDB0BEC327}
		{6DA4C379-658F-463C-8581-E1E534F19F90} = {343A6F25-A8F3-4C73-997D-36CDB0BEC327}
		{4EDBB37B-9633-4BC7-8035-DB46146C258E} = {343A6F25-A8F3-4C73-997D-36CDB0BEC327}
		{6F9266F4-24FC-4B9D-8929-7A1C16E8EBA9} = {343A6F25-A8F3-4C73-997D-36CDB0BEC327}
	EndGlobalSection
EndGlobal
